
Microsoft Visual Studio Solution File, Format Version 12.00
# Visual Studio 15
VisualStudioVersion = 15.0.27703.2000
MinimumVisualStudioVersion = 10.0.40219.1
Project("{FAE04EC0-301F-11D3-BF4B-00C04F79EFBC}") = "CoinListing", "CoinListing\CoinListing.csproj", "{5D0F8FAD-C66B-417C-9D2E-659A183FB6C0}"
EndProject
Global
	GlobalSection(SolutionConfigurationPlatforms) = preSolution
		Debug|Any CPU = Debug|Any CPU
		Release|Any CPU = Release|Any CPU
	EndGlobalSection
	GlobalSection(ProjectConfigurationPlatforms) = postSolution
		{5D0F8FAD-C66B-417C-9D2E-659A183FB6C0}.Debug|Any CPU.ActiveCfg = Debug|Any CPU
		{5D0F8FAD-C66B-417C-9D2E-659A183FB6C0}.Debug|Any CPU.Build.0 = Debug|Any CPU
		{5D0F8FAD-C66B-417C-9D2E-659A183FB6C0}.Release|Any CPU.ActiveCfg = Release|Any CPU
		{5D0F8FAD-C66B-417C-9D2E-659A183FB6C0}.Release|Any CPU.Build.0 = Release|Any CPU
	EndGlobalSection
	GlobalSection(SolutionProperties) = preSolution
		HideSolutionNode = FALSE
	EndGlobalSection
	GlobalSection(ExtensibilityGlobals) = postSolution
		SolutionGuid = {B9D44C5E-D3F9-430F-B306-E0D1E9CADD50}
	EndGlobalSection
EndGlobal
